{
    "name": "gen_map",
    "version": "1.0.0",
    "lockfileVersion": 1,
    "requires": true,
    "dependencies": {
        "@types/node": {
            "version": "12.0.10",
            "resolved": "https://registry.npm.taobao.org/@types/node/download/@types/node-12.0.10.tgz",
            "integrity": "sha1-Ubq/nH3q3VNDYgBV/Ir/eZXIsDE=",
            "dev": true
        },
        "p-map": {
            "version": "2.1.0",
            "resolved": "https://registry.npm.taobao.org/p-map/download/p-map-2.1.0.tgz",
            "integrity": "sha1-MQko/u+cnsxltosXaTAYpmXOoXU="
        },
        "webpack-node-externals": {
            "version": "1.7.2",
            "resolved": "http://registry.npm.taobao.org/webpack-node-externals/download/webpack-node-externals-1.7.2.tgz",
            "integrity": "sha1-bh7nmsZ8BwQCunAO8DOpuNUqxOM=",
            "dev": true
        }
    }
}
